// !$*UTF8*$!
{
	archiveVersion = 1;
	classes = {
	};
	objectVersion = 46;
	objects = {

/* Begin PBXBuildFile section */
		B292913819872D8100AB1E96 /* Foundation.framework in Frameworks */ = {isa = PBXBuildFile; fileRef = B292913719872D8100AB1E96 /* Foundation.framework */; };
		B292913A19872D8100AB1E96 /* CoreGraphics.framework in Frameworks */ = {isa = PBXBuildFile; fileRef = B292913919872D8100AB1E96 /* CoreGraphics.framework */; };
		B292913C19872D8100AB1E96 /* UIKit.framework in Frameworks */ = {isa = PBXBuildFile; fileRef = B292913B19872D8100AB1E96 /* UIKit.framework */; };
		B292914219872D8100AB1E96 /* InfoPlist.strings in Resources */ = {isa = PBXBuildFile; fileRef = B292914019872D8100AB1E96 /* InfoPlist.strings */; };
		B292914419872D8100AB1E96 /* main.m in Sources */ = {isa = PBXBuildFile; fileRef = B292914319872D8100AB1E96 /* main.m */; };
		B292914819872D8100AB1E96 /* PMAppDelegate.m in Sources */ = {isa = PBXBuildFile; fileRef = B292914719872D8100AB1E96 /* PMAppDelegate.m */; };
		B292914A19872D8100AB1E96 /* Images.xcassets in Resources */ = {isa = PBXBuildFile; fileRef = B292914919872D8100AB1E96 /* Images.xcassets */; };
		B292915119872D8100AB1E96 /* XCTest.framework in Frameworks */ = {isa = PBXBuildFile; fileRef = B292915019872D8100AB1E96 /* XCTest.framework */; };
		B292915219872D8100AB1E96 /* Foundation.framework in Frameworks */ = {isa = PBXBuildFile; fileRef = B292913719872D8100AB1E96 /* Foundation.framework */; };
		B292915319872D8100AB1E96 /* UIKit.framework in Frameworks */ = {isa = PBXBuildFile; fileRef = B292913B19872D8100AB1E96 /* UIKit.framework */; };
		B292915B19872D8200AB1E96 /* InfoPlist.strings in Resources */ = {isa = PBXBuildFile; fileRef = B292915919872D8200AB1E96 /* InfoPlist.strings */; };
		B292915D19872D8200AB1E96 /* PMCameraTestS3Tests.m in Sources */ = {isa = PBXBuildFile; fileRef = B292915C19872D8200AB1E96 /* PMCameraTestS3Tests.m */; };
/* End PBXBuildFile section */

/* Begin PBXContainerItemProxy section */
		B292915419872D8100AB1E96 /* PBXContainerItemProxy */ = {
			isa = PBXContainerItemProxy;
			containerPortal = B292912C19872D8100AB1E96 /* Project object */;
			proxyType = 1;
			remoteGlobalIDString = B292913319872D8100AB1E96;
			remoteInfo = PMCameraTestS3;
		};
/* End PBXContainerItemProxy section */

/* Begin PBXFileReference section */
		B292913419872D8100AB1E96 /* PMCameraTestS3.app */ = {isa = PBXFileReference; explicitFileType = wrapper.application; includeInIndex = 0; path = PMCameraTestS3.app; sourceTree = BUILT_PRODUCTS_DIR; };
		B292913719872D8100AB1E96 /* Foundation.framework */ = {isa = PBXFileReference; lastKnownFileType = wrapper.framework; name = Foundation.framework; path = System/Library/Frameworks/Foundation.framework; sourceTree = SDKROOT; };
		B292913919872D8100AB1E96 /* CoreGraphics.framework */ = {isa = PBXFileReference; lastKnownFileType = wrapper.framework; name = CoreGraphics.framework; path = System/Library/Frameworks/CoreGraphics.framework; sourceTree = SDKROOT; };
		B292913B19872D8100AB1E96 /* UIKit.framework */ = {isa = PBXFileReference; lastKnownFileType = wrapper.framework; name = UIKit.framework; path = System/Library/Frameworks/UIKit.framework; sourceTree = SDKROOT; };
		B292913F19872D8100AB1E96 /* PMCameraTestS3-Info.plist */ = {isa = PBXFileReference; lastKnownFileType = text.plist.xml; path = "PMCameraTestS3-Info.plist"; sourceTree = "<group>"; };
		B292914119872D8100AB1E96 /* en */ = {isa = PBXFileReference; lastKnownFileType = text.plist.strings; name = en; path = en.lproj/InfoPlist.strings; sourceTree = "<group>"; };
		B292914319872D8100AB1E96 /* main.m */ = {isa = PBXFileReference; lastKnownFileType = sourcecode.c.objc; path = main.m; sourceTree = "<group>"; };
		B292914519872D8100AB1E96 /* PMCameraTestS3-Prefix.pch */ = {isa = PBXFileReference; lastKnownFileType = sourcecode.c.h; path = "PMCameraTestS3-Prefix.pch"; sourceTree = "<group>"; };
		B292914619872D8100AB1E96 /* PMAppDelegate.h */ = {isa = PBXFileReference; lastKnownFileType = sourcecode.c.h; path = PMAppDelegate.h; sourceTree = "<group>"; };
		B292914719872D8100AB1E96 /* PMAppDelegate.m */ = {isa = PBXFileReference; lastKnownFileType = sourcecode.c.objc; path = PMAppDelegate.m; sourceTree = "<group>"; };
		B292914919872D8100AB1E96 /* Images.xcassets */ = {isa = PBXFileReference; lastKnownFileType = folder.assetcatalog; path = Images.xcassets; sourceTree = "<group>"; };
		B292914F19872D8100AB1E96 /* PMCameraTestS3Tests.xctest */ = {isa = PBXFileReference; explicitFileType = wrapper.cfbundle; includeInIndex = 0; path = PMCameraTestS3Tests.xctest; sourceTree = BUILT_PRODUCTS_DIR; };
		B292915019872D8100AB1E96 /* XCTest.framework */ = {isa = PBXFileReference; lastKnownFileType = wrapper.framework; name = XCTest.framework; path = Library/Frameworks/XCTest.framework; sourceTree = DEVELOPER_DIR; };
		B292915819872D8200AB1E96 /* PMCameraTestS3Tests-Info.plist */ = {isa = PBXFileReference; lastKnownFileType = text.plist.xml; path = "PMCameraTestS3Tests-Info.plist"; sourceTree = "<group>"; };
		B292915A19872D8200AB1E96 /* en */ = {isa = PBXFileReference; lastKnownFileType = text.plist.strings; name = en; path = en.lproj/InfoPlist.strings; sourceTree = "<group>"; };
		B292915C19872D8200AB1E96 /* PMCameraTestS3Tests.m */ = {isa = PBXFileReference; lastKnownFileType = sourcecode.c.objc; path = PMCameraTestS3Tests.m; sourceTree = "<group>"; };
/* End PBXFileReference section */

/* Begin PBXFrameworksBuildPhase section */
		B292913119872D8100AB1E96 /* Frameworks */ = {
			isa = PBXFrameworksBuildPhase;
			buildActionMask = 2147483647;
			files = (
				B292913A19872D8100AB1E96 /* CoreGraphics.framework in Frameworks */,
				B292913C19872D8100AB1E96 /* UIKit.framework in Frameworks */,
				B292913819872D8100AB1E96 /* Foundation.framework in Frameworks */,
			);
			runOnlyForDeploymentPostprocessing = 0;
		};
		B292914C19872D8100AB1E96 /* Frameworks */ = {
			isa = PBXFrameworksBuildPhase;
			buildActionMask = 2147483647;
			files = (
				B292915119872D8100AB1E96 /* XCTest.framework in Frameworks */,
				B292915319872D8100AB1E96 /* UIKit.framework in Frameworks */,
				B292915219872D8100AB1E96 /* Foundation.framework in Frameworks */,
			);
			runOnlyForDeploymentPostprocessing = 0;
		};
/* End PBXFrameworksBuildPhase section */

/* Begin PBXGroup section */
		B292912B19872D8100AB1E96 = {
			isa = PBXGroup;
			children = (
				B292913D19872D8100AB1E96 /* PMCameraTestS3 */,
				B292915619872D8100AB1E96 /* PMCameraTestS3Tests */,
				B292913619872D8100AB1E96 /* Frameworks */,
				B292913519872D8100AB1E96 /* Products */,
			);
			sourceTree = "<group>";
		};
		B292913519872D8100AB1E96 /* Products */ = {
			isa = PBXGroup;
			children = (
				B292913419872D8100AB1E96 /* PMCameraTestS3.app */,
				B292914F19872D8100AB1E96 /* PMCameraTestS3Tests.xctest */,
			);
			name = Products;
			sourceTree = "<group>";
		};
		B292913619872D8100AB1E96 /* Frameworks */ = {
			isa = PBXGroup;
			children = (
				B292913719872D8100AB1E96 /* Foundation.framework */,
				B292913919872D8100AB1E96 /* CoreGraphics.framework */,
				B292913B19872D8100AB1E96 /* UIKit.framework */,
				B292915019872D8100AB1E96 /* XCTest.framework */,
			);
			name = Frameworks;
			sourceTree = "<group>";
		};
		B292913D19872D8100AB1E96 /* PMCameraTestS3 */ = {
			isa = PBXGroup;
			children = (
				B292914619872D8100AB1E96 /* PMAppDelegate.h */,
				B292914719872D8100AB1E96 /* PMAppDelegate.m */,
				B292914919872D8100AB1E96 /* Images.xcassets */,
				B292913E19872D8100AB1E96 /* Supporting Files */,
			);
			path = PMCameraTestS3;
			sourceTree = "<group>";
		};
		B292913E19872D8100AB1E96 /* Supporting Files */ = {
			isa = PBXGroup;
			children = (
				B292913F19872D8100AB1E96 /* PMCameraTestS3-Info.plist */,
				B292914019872D8100AB1E96 /* InfoPlist.strings */,
				B292914319872D8100AB1E96 /* main.m */,
				B292914519872D8100AB1E96 /* PMCameraTestS3-Prefix.pch */,
			);
			name = "Supporting Files";
			sourceTree = "<group>";
		};
		B292915619872D8100AB1E96 /* PMCameraTestS3Tests */ = {
			isa = PBXGroup;
			children = (
				B292915C19872D8200AB1E96 /* PMCameraTestS3Tests.m */,
				B292915719872D8200AB1E96 /* Supporting Files */,
			);
			path = PMCameraTestS3Tests;
			sourceTree = "<group>";
		};
		B292915719872D8200AB1E96 /* Supporting Files */ = {
			isa = PBXGroup;
			children = (
				B292915819872D8200AB1E96 /* PMCameraTestS3Tests-Info.plist */,
				B292915919872D8200AB1E96 /* InfoPlist.strings */,
			);
			name = "Supporting Files";
			sourceTree = "<group>";
		};
/* End PBXGroup section */

/* Begin PBXNativeTarget section */
		B292913319872D8100AB1E96 /* PMCameraTestS3 */ = {
			isa = PBXNativeTarget;
			buildConfigurationList = B292916019872D8200AB1E96 /* Build configuration list for PBXNativeTarget "PMCameraTestS3" */;
			buildPhases = (
				B292913019872D8100AB1E96 /* Sources */,
				B292913119872D8100AB1E96 /* Frameworks */,
				B292913219872D8100AB1E96 /* Resources */,
			);
			buildRules = (
			);
			dependencies = (
			);
			name = PMCameraTestS3;
			productName = PMCameraTestS3;
			productReference = B292913419872D8100AB1E96 /* PMCameraTestS3.app */;
			productType = "com.apple.product-type.application";
		};
		B292914E19872D8100AB1E96 /* PMCameraTestS3Tests */ = {
			isa = PBXNativeTarget;
			buildConfigurationList = B292916319872D8200AB1E96 /* Build configuration list for PBXNativeTarget "PMCameraTestS3Tests" */;
			buildPhases = (
				B292914B19872D8100AB1E96 /* Sources */,
				B292914C19872D8100AB1E96 /* Frameworks */,
				B292914D19872D8100AB1E96 /* Resources */,
			);
			buildRules = (
			);
			dependencies = (
				B292915519872D8100AB1E96 /* PBXTargetDependency */,
			);
			name = PMCameraTestS3Tests;
			productName = PMCameraTestS3Tests;
			productReference = B292914F19872D8100AB1E96 /* PMCameraTestS3Tests.xctest */;
			productType = "com.apple.product-type.bundle.unit-test";
		};
/* End PBXNativeTarget section */

/* Begin PBXProject section */
		B292912C19872D8100AB1E96 /* Project object */ = {
			isa = PBXProject;
			attributes = {
				CLASSPREFIX = PM;
				LastUpgradeCheck = 0510;
				TargetAttributes = {
					B292914E19872D8100AB1E96 = {
						TestTargetID = B292913319872D8100AB1E96;
					};
				};
			};
			buildConfigurationList = B292912F19872D8100AB1E96 /* Build configuration list for PBXProject "PMCameraTestS3" */;
			compatibilityVersion = "Xcode 3.2";
			developmentRegion = English;
			hasScannedForEncodings = 0;
			knownRegions = (
				en,
			);
			mainGroup = B292912B19872D8100AB1E96;
			productRefGroup = B292913519872D8100AB1E96 /* Products */;
			projectDirPath = "";
			projectRoot = "";
			targets = (
				B292913319872D8100AB1E96 /* PMCameraTestS3 */,
				B292914E19872D8100AB1E96 /* PMCameraTestS3Tests */,
			);
		};
/* End PBXProject section */

/* Begin PBXResourcesBuildPhase section */
		B292913219872D8100AB1E96 /* Resources */ = {
			isa = PBXResourcesBuildPhase;
			buildActionMask = 2147483647;
			files = (
				B292914219872D8100AB1E96 /* InfoPlist.strings in Resources */,
				B292914A19872D8100AB1E96 /* Images.xcassets in Resources */,
			);
			runOnlyForDeploymentPostprocessing = 0;
		};
		B292914D19872D8100AB1E96 /* Resources */ = {
			isa = PBXResourcesBuildPhase;
			buildActionMask = 2147483647;
			files = (
				B292915B19872D8200AB1E96 /* InfoPlist.strings in Resources */,
			);
			runOnlyForDeploymentPostprocessing = 0;
		};
/* End PBXResourcesBuildPhase section */

/* Begin PBXSourcesBuildPhase section */
		B292913019872D8100AB1E96 /* Sources */ = {
			isa = PBXSourcesBuildPhase;
			buildActionMask = 2147483647;
			files = (
				B292914419872D8100AB1E96 /* main.m in Sources */,
				B292914819872D8100AB1E96 /* PMAppDelegate.m in Sources */,
			);
			runOnlyForDeploymentPostprocessing = 0;
		};
		B292914B19872D8100AB1E96 /* Sources */ = {
			isa = PBXSourcesBuildPhase;
			buildActionMask = 2147483647;
			files = (
				B292915D19872D8200AB1E96 /* PMCameraTestS3Tests.m in Sources */,
			);
			runOnlyForDeploymentPostprocessing = 0;
		};
/* End PBXSourcesBuildPhase section */

/* Begin PBXTargetDependency section */
		B292915519872D8100AB1E96 /* PBXTargetDependency */ = {
			isa = PBXTargetDependency;
			target = B292913319872D8100AB1E96 /* PMCameraTestS3 */;
			targetProxy = B292915419872D8100AB1E96 /* PBXContainerItemProxy */;
		};
/* End PBXTargetDependency section */

/* Begin PBXVariantGroup section */
		B292914019872D8100AB1E96 /* InfoPlist.strings */ = {
			isa = PBXVariantGroup;
			children = (
				B292914119872D8100AB1E96 /* en */,
			);
			name = InfoPlist.strings;
			sourceTree = "<group>";
		};
		B292915919872D8200AB1E96 /* InfoPlist.strings */ = {
			isa = PBXVariantGroup;
			children = (
				B292915A19872D8200AB1E96 /* en */,
			);
			name = InfoPlist.strings;
			sourceTree = "<group>";
		};
/* End PBXVariantGroup section */

/* Begin XCBuildConfiguration section */
		B292915E19872D8200AB1E96 /* Debug */ = {
			isa = XCBuildConfiguration;
			buildSettings = {
				ALWAYS_SEARCH_USER_PATHS = NO;
				CLANG_CXX_LANGUAGE_STANDARD = "gnu++0x";
				CLANG_CXX_LIBRARY = "libc++";
				CLANG_ENABLE_MODULES = YES;
				CLANG_ENABLE_OBJC_ARC = YES;
				CLANG_WARN_BOOL_CONVERSION = YES;
				CLANG_WARN_CONSTANT_CONVERSION = YES;
				CLANG_WARN_DIRECT_OBJC_ISA_USAGE = YES_ERROR;
				CLANG_WARN_EMPTY_BODY = YES;
				CLANG_WARN_ENUM_CONVERSION = YES;
				CLANG_WARN_INT_CONVERSION = YES;
				CLANG_WARN_OBJC_ROOT_CLASS = YES_ERROR;
				CLANG_WARN__DUPLICATE_METHOD_MATCH = YES;
				"CODE_SIGN_IDENTITY[sdk=iphoneos*]" = "iPhone Developer";
				COPY_PHASE_STRIP = NO;
				GCC_C_LANGUAGE_STANDARD = gnu99;
				GCC_DYNAMIC_NO_PIC = NO;
				GCC_OPTIMIZATION_LEVEL = 0;
				GCC_PREPROCESSOR_DEFINITIONS = (
					"DEBUG=1",
					"$(inherited)",
				);
				GCC_SYMBOLS_PRIVATE_EXTERN = NO;
				GCC_WARN_64_TO_32_BIT_CONVERSION = YES;
				GCC_WARN_ABOUT_RETURN_TYPE = YES_ERROR;
				GCC_WARN_UNDECLARED_SELECTOR = YES;
				GCC_WARN_UNINITIALIZED_AUTOS = YES_AGGRESSIVE;
				GCC_WARN_UNUSED_FUNCTION = YES;
				GCC_WARN_UNUSED_VARIABLE = YES;
				IPHONEOS_DEPLOYMENT_TARGET = 7.1;
				ONLY_ACTIVE_ARCH = YES;
				SDKROOT = iphoneos;
				TARGETED_DEVICE_FAMILY = "1,2";
			};
			name = Debug;
		};
		B292915F19872D8200AB1E96 /* Release */ = {
			isa = XCBuildConfiguration;
			buildSettings = {
				ALWAYS_SEARCH_USER_PATHS = NO;
				CLANG_CXX_LANGUAGE_STANDARD = "gnu++0x";
				CLANG_CXX_LIBRARY = "libc++";
				CLANG_ENABLE_MODULES = YES;
				CLANG_ENABLE_OBJC_ARC = YES;
				CLANG_WARN_BOOL_CONVERSION = YES;
				CLANG_WARN_CONSTANT_CONVERSION = YES;
				CLANG_WARN_DIRECT_OBJC_ISA_USAGE = YES_ERROR;
				CLANG_WARN_EMPTY_BODY = YES;
				CLANG_WARN_ENUM_CONVERSION = YES;
				CLANG_WARN_INT_CONVERSION = YES;
				CLANG_WARN_OBJC_ROOT_CLASS = YES_ERROR;
				CLANG_WARN__DUPLICATE_METHOD_MATCH = YES;
				"CODE_SIGN_IDENTITY[sdk=iphoneos*]" = "iPhone Developer";
				COPY_PHASE_STRIP = YES;
				ENABLE_NS_ASSERTIONS = NO;
				GCC_C_LANGUAGE_STANDARD = gnu99;
				GCC_WARN_64_TO_32_BIT_CONVERSION = YES;
				GCC_WARN_ABOUT_RETURN_TYPE = YES_ERROR;
				GCC_WARN_UNDECLARED_SELECTOR = YES;
				GCC_WARN_UNINITIALIZED_AUTOS = YES_AGGRESSIVE;
				GCC_WARN_UNUSED_FUNCTION = YES;
				GCC_WARN_UNUSED_VARIABLE = YES;
				IPHONEOS_DEPLOYMENT_TARGET = 7.1;
				SDKROOT = iphoneos;
				TARGETED_DEVICE_FAMILY = "1,2";
				VALIDATE_PRODUCT = YES;
			};
			name = Release;
		};
		B292916119872D8200AB1E96 /* Debug */ = {
			isa = XCBuildConfiguration;
			buildSettings = {
				ASSETCATALOG_COMPILER_APPICON_NAME = AppIcon;
				ASSETCATALOG_COMPILER_LAUNCHIMAGE_NAME = LaunchImage;
				GCC_PRECOMPILE_PREFIX_HEADER = YES;
				GCC_PREFIX_HEADER = "PMCameraTestS3/PMCameraTestS3-Prefix.pch";
				INFOPLIST_FILE = "PMCameraTestS3/PMCameraTestS3-Info.plist";
				PRODUCT_NAME = "$(TARGET_NAME)";
				WRAPPER_EXTENSION = app;
			};
			name = Debug;
		};
		B292916219872D8200AB1E96 /* Release */ = {
			isa = XCBuildConfiguration;
			buildSettings = {
				ASSETCATALOG_COMPILER_APPICON_NAME = AppIcon;
				ASSETCATALOG_COMPILER_LAUNCHIMAGE_NAME = LaunchImage;
				GCC_PRECOMPILE_PREFIX_HEADER = YES;
				GCC_PREFIX_HEADER = "PMCameraTestS3/PMCameraTestS3-Prefix.pch";
				INFOPLIST_FILE = "PMCameraTestS3/PMCameraTestS3-Info.plist";
				PRODUCT_NAME = "$(TARGET_NAME)";
				WRAPPER_EXTENSION = app;
			};
			name = Release;
		};
		B292916419872D8200AB1E96 /* Debug */ = {
			isa = XCBuildConfiguration;
			buildSettings = {
				BUNDLE_LOADER = "$(BUILT_PRODUCTS_DIR)/PMCameraTestS3.app/PMCameraTestS3";
				FRAMEWORK_SEARCH_PATHS = (
					"$(SDKROOT)/Developer/Library/Frameworks",
					"$(inherited)",
					"$(DEVELOPER_FRAMEWORKS_DIR)",
				);
				GCC_PRECOMPILE_PREFIX_HEADER = YES;
				GCC_PREFIX_HEADER = "PMCameraTestS3/PMCameraTestS3-Prefix.pch";
				GCC_PREPROCESSOR_DEFINITIONS = (
					"DEBUG=1",
					"$(inherited)",
				);
				INFOPLIST_FILE = "PMCameraTestS3Tests/PMCameraTestS3Tests-Info.plist";
				PRODUCT_NAME = "$(TARGET_NAME)";
				TEST_HOST = "$(BUNDLE_LOADER)";
				WRAPPER_EXTENSION = xctest;
			};
			name = Debug;
		};
		B292916519872D8200AB1E96 /* Release */ = {
			isa = XCBuildConfiguration;
			buildSettings = {
				BUNDLE_LOADER = "$(BUILT_PRODUCTS_DIR)/PMCameraTestS3.app/PMCameraTestS3";
				FRAMEWORK_SEARCH_PATHS = (
					"$(SDKROOT)/Developer/Library/Frameworks",
					"$(inherited)",
					"$(DEVELOPER_FRAMEWORKS_DIR)",
				);
				GCC_PRECOMPILE_PREFIX_HEADER = YES;
				GCC_PREFIX_HEADER = "PMCameraTestS3/PMCameraTestS3-Prefix.pch";
				INFOPLIST_FILE = "PMCameraTestS3Tests/PMCameraTestS3Tests-Info.plist";
				PRODUCT_NAME = "$(TARGET_NAME)";
				TEST_HOST = "$(BUNDLE_LOADER)";
				WRAPPER_EXTENSION = xctest;
			};
			name = Release;
		};
/* End XCBuildConfiguration section */

/* Begin XCConfigurationList section */
		B292912F19872D8100AB1E96 /* Build configuration list for PBXProject "PMCameraTestS3" */ = {
			isa = XCConfigurationList;
			buildConfigurations = (
				B292915E19872D8200AB1E96 /* Debug */,
				B292915F19872D8200AB1E96 /* Release */,
			);
			defaultConfigurationIsVisible = 0;
			defaultConfigurationName = Release;
		};
		B292916019872D8200AB1E96 /* Build configuration list for PBXNativeTarget "PMCameraTestS3" */ = {
			isa = XCConfigurationList;
			buildConfigurations = (
				B292916119872D8200AB1E96 /* Debug */,
				B292916219872D8200AB1E96 /* Release */,
			);
			defaultConfigurationIsVisible = 0;
		};
		B292916319872D8200AB1E96 /* Build configuration list for PBXNativeTarget "PMCameraTestS3Tests" */ = {
			isa = XCConfigurationList;
			buildConfigurations = (
				B292916419872D8200AB1E96 /* Debug */,
				B292916519872D8200AB1E96 /* Release */,
			);
			defaultConfigurationIsVisible = 0;
		};
/* End XCConfigurationList section */
	};
	rootObject = B292912C19872D8100AB1E96 /* Project object */;
}
